<?xml version="1.0" encoding="utf-8"?>
<Project ToolsVersion="4.0" xmlns="http://schemas.microsoft.com/developer/msbuild/2003">
  <ItemGroup>
    <Filter Include="Source Files">
      <UniqueIdentifier>{4FC737F1-C7A5-4376-A066-2A32D752A2FF}</UniqueIdentifier>
      <Extensions>cpp;c;cc;cxx;def;odl;idl;hpj;bat;asm;asmx</Extensions>
    </Filter>
    <Filter Include="Header Files">
      <UniqueIdentifier>{93995380-89BD-4b04-88EB-625FBE52EBFB}</UniqueIdentifier>
      <Extensions>h;hh;hpp;hxx;hm;inl;inc;ipp;xsd</Extensions>
    </Filter>
    <Filter Include="Resource Files">
      <UniqueIdentifier>{67DA6AB6-F800-4c08-8B7A-83BB121AAD01}</UniqueIdentifier>
      <Extensions>rc;ico;cur;bmp;dlg;rc2;rct;bin;rgs;gif;jpg;jpeg;jpe;resx;tiff;tif;png;wav;mfcribbon-ms</Extensions>
    </Filter>
    <Filter Include="Source Files\LinkedLists">
      <UniqueIdentifier>{95662413-3f1d-409b-a250-dcf7c52c79ec}</UniqueIdentifier>
    </Filter>
    <Filter Include="Header Files\LinkedLists">
      <UniqueIdentifier>{5e351c7b-7a37-455b-a226-7f1b3edd33e0}</UniqueIdentifier>
    </Filter>
    <Filter Include="Header Files\Trees">
      <UniqueIdentifier>{0be9d2b4-c8ab-430c-8caa-dd3f7cef79ba}</UniqueIdentifier>
    </Filter>
  </ItemGroup>
  <ItemGroup>
    <ClCompile Include="main.cpp">
      <Filter>Source Files</Filter>
    </ClCompile>
    <ClCompile Include="SkipListUnitTests.cpp">
      <Filter>Source Files</Filter>
    </ClCompile>
    <ClCompile Include="DataStructureHelper.cpp">
      <Filter>Source Files</Filter>
    </ClCompile>
    <ClCompile Include="UnitTests.cpp">
      <Filter>Source Files</Filter>
    </ClCompile>
    <ClCompile Include="VectorUnitTests.cpp">
      <Filter>Source Files</Filter>
    </ClCompile>
    <ClCompile Include="LinkedListUnitTests.cpp">
      <Filter>Source Files</Filter>
    </ClCompile>
    <ClCompile Include="RedBlackTreeUnitTests.cpp">
      <Filter>Source Files</Filter>
    </ClCompile>
    <ClCompile Include="SkipListOriginalUnitTests.cpp">
      <Filter>Source Files</Filter>
    </ClCompile>
  </ItemGroup>
  <ItemGroup>
    <ClInclude Include="LinkedLists\XORList.h">
      <Filter>Header Files\LinkedLists</Filter>
    </ClInclude>
    <ClInclude Include="Trees\AVLTree.h">
      <Filter>Header Files\Trees</Filter>
    </ClInclude>
    <ClInclude Include="LinkedLists\SkipList.h">
      <Filter>Header Files\LinkedLists</Filter>
    </ClInclude>
    <ClInclude Include="SkipListUnitTests.h">
      <Filter>Header Files</Filter>
    </ClInclude>
    <ClInclude Include="DataStructureHelper.h">
      <Filter>Header Files</Filter>
    </ClInclude>
    <ClInclude Include="UnitTests.h">
      <Filter>Header Files</Filter>
    </ClInclude>
    <ClInclude Include="VectorUnitTests.h">
      <Filter>Header Files</Filter>
    </ClInclude>
    <ClInclude Include="LinkedListUnitTests.h">
      <Filter>Header Files</Filter>
    </ClInclude>
    <ClInclude Include="RedBlackTreeUnitTests.h">
      <Filter>Header Files</Filter>
    </ClInclude>
    <ClInclude Include="SkipListOriginalUnitTests.h">
      <Filter>Header Files</Filter>
    </ClInclude>
    <ClInclude Include="SkipListOriginal.h">
      <Filter>Header Files\LinkedLists</Filter>
    </ClInclude>
  </ItemGroup>
</Project>